
Microsoft Visual Studio Solution File, Format Version 12.00
# Visual Studio Version 17
VisualStudioVersion = 17.3.32929.385
MinimumVisualStudioVersion = 10.0.40219.1
Project("{FAE04EC0-301F-11D3-BF4B-00C04F79EFBC}") = "AuthenticationApp", "AuthenticationApp\AuthenticationApp.csproj", "{8B3BBA44-C6A3-4F4B-B665-B87A6DB7FB26}"
EndProject
Project("{FAE04EC0-301F-11D3-BF4B-00C04F79EFBC}") = "Infrastructure", "Infrastructure\Infrastructure.csproj", "{B000AD66-EDB5-42EB-A666-E3D9B022ADFC}"
EndProject
Project("{FAE04EC0-301F-11D3-BF4B-00C04F79EFBC}") = "UseFul", "UseFul\UseFul.csproj", "{BFA05745-E43D-466F-B1C4-91184B9BB8A0}"
EndProject
Project("{FAE04EC0-301F-11D3-BF4B-00C04F79EFBC}") = "Domain", "Domain\Domain.csproj", "{DAB5F147-1199-4D7D-8B8C-0EACE6E20557}"
EndProject
Global
	GlobalSection(SolutionConfigurationPlatforms) = preSolution
		Debug|Any CPU = Debug|Any CPU
		Release|Any CPU = Release|Any CPU
	EndGlobalSection
	GlobalSection(ProjectConfigurationPlatforms) = postSolution
		{8B3BBA44-C6A3-4F4B-B665-B87A6DB7FB26}.Debug|Any CPU.ActiveCfg = Debug|Any CPU
		{8B3BBA44-C6A3-4F4B-B665-B87A6DB7FB26}.Debug|Any CPU.Build.0 = Debug|Any CPU
		{8B3BBA44-C6A3-4F4B-B665-B87A6DB7FB26}.Release|Any CPU.ActiveCfg = Release|Any CPU
		{8B3BBA44-C6A3-4F4B-B665-B87A6DB7FB26}.Release|Any CPU.Build.0 = Release|Any CPU
		{B000AD66-EDB5-42EB-A666-E3D9B022ADFC}.Debug|Any CPU.ActiveCfg = Debug|Any CPU
		{B000AD66-EDB5-42EB-A666-E3D9B022ADFC}.Debug|Any CPU.Build.0 = Debug|Any CPU
		{B000AD66-EDB5-42EB-A666-E3D9B022ADFC}.Release|Any CPU.ActiveCfg = Release|Any CPU
		{B000AD66-EDB5-42EB-A666-E3D9B022ADFC}.Release|Any CPU.Build.0 = Release|Any CPU
		{BFA05745-E43D-466F-B1C4-91184B9BB8A0}.Debug|Any CPU.ActiveCfg = Debug|Any CPU
		{BFA05745-E43D-466F-B1C4-91184B9BB8A0}.Debug|Any CPU.Build.0 = Debug|Any CPU
		{BFA05745-E43D-466F-B1C4-91184B9BB8A0}.Release|Any CPU.ActiveCfg = Release|Any CPU
		{BFA05745-E43D-466F-B1C4-91184B9BB8A0}.Release|Any CPU.Build.0 = Release|Any CPU
		{DAB5F147-1199-4D7D-8B8C-0EACE6E20557}.Debug|Any CPU.ActiveCfg = Debug|Any CPU
		{DAB5F147-1199-4D7D-8B8C-0EACE6E20557}.Debug|Any CPU.Build.0 = Debug|Any CPU
		{DAB5F147-1199-4D7D-8B8C-0EACE6E20557}.Release|Any CPU.ActiveCfg = Release|Any CPU
		{DAB5F147-1199-4D7D-8B8C-0EACE6E20557}.Release|Any CPU.Build.0 = Release|Any CPU
	EndGlobalSection
	GlobalSection(SolutionProperties) = preSolution
		HideSolutionNode = FALSE
	EndGlobalSection
	GlobalSection(ExtensibilityGlobals) = postSolution
		SolutionGuid = {971676A7-D23C-41C1-A213-9F0FB1243785}
	EndGlobalSection
EndGlobal
